
Microsoft Visual Studio Solution File, Format Version 12.00
Project("{2150E333-8FDC-42A3-9474-1A3956D46DE8}") = "src", "src", "{5D907E08-5787-4368-8853-8B238A372F96}"
EndProject
Project("{2150E333-8FDC-42A3-9474-1A3956D46DE8}") = "build", "build", "{AD98E2D6-6634-4BB0-90D7-E4BF1BEC9791}"
	ProjectSection(SolutionItems) = preProject
		global.json = global.json
		NuGet.Config = NuGet.Config
		Directory.Build.props = Directory.Build.props
	EndProjectSection
EndProject
Project("{FAE04EC0-301F-11D3-BF4B-00C04F79EFBC}") = "dxfInspectDesktop", "src\dxfInspectDesktop\dxfInspectDesktop.csproj", "{F9268335-9AA3-44A5-BEE4-C7EFF8660F32}"
EndProject
Project("{FAE04EC0-301F-11D3-BF4B-00C04F79EFBC}") = "dxfInspect", "src\dxfInspect\dxfInspect.csproj", "{FA805819-B51A-4AD4-8846-489E171BF242}"
EndProject
Project("{FAE04EC0-301F-11D3-BF4B-00C04F79EFBC}") = "dxfInspectWeb", "src\dxfInspectWeb\dxfInspectWeb.csproj", "{24E93D5A-43F6-4BA8-A137-13B6E193C79F}"
EndProject
Project("{2150E333-8FDC-42A3-9474-1A3956D46DE8}") = "docs", "docs", "{F49E6AC3-36A4-4C25-A281-D4C0F3FD8DA7}"
	ProjectSection(SolutionItems) = preProject
		LICENSE.TXT = LICENSE.TXT
		README.md = README.md
	EndProjectSection
EndProject
Global
	GlobalSection(SolutionConfigurationPlatforms) = preSolution
		Debug|Any CPU = Debug|Any CPU
		Release|Any CPU = Release|Any CPU
	EndGlobalSection
	GlobalSection(ProjectConfigurationPlatforms) = postSolution
		{F9268335-9AA3-44A5-BEE4-C7EFF8660F32}.Debug|Any CPU.ActiveCfg = Debug|Any CPU
		{F9268335-9AA3-44A5-BEE4-C7EFF8660F32}.Debug|Any CPU.Build.0 = Debug|Any CPU
		{F9268335-9AA3-44A5-BEE4-C7EFF8660F32}.Release|Any CPU.ActiveCfg = Release|Any CPU
		{F9268335-9AA3-44A5-BEE4-C7EFF8660F32}.Release|Any CPU.Build.0 = Release|Any CPU
		{FA805819-B51A-4AD4-8846-489E171BF242}.Debug|Any CPU.ActiveCfg = Debug|Any CPU
		{FA805819-B51A-4AD4-8846-489E171BF242}.Debug|Any CPU.Build.0 = Debug|Any CPU
		{FA805819-B51A-4AD4-8846-489E171BF242}.Release|Any CPU.ActiveCfg = Release|Any CPU
		{FA805819-B51A-4AD4-8846-489E171BF242}.Release|Any CPU.Build.0 = Release|Any CPU
		{24E93D5A-43F6-4BA8-A137-13B6E193C79F}.Debug|Any CPU.ActiveCfg = Debug|Any CPU
		{24E93D5A-43F6-4BA8-A137-13B6E193C79F}.Debug|Any CPU.Build.0 = Debug|Any CPU
		{24E93D5A-43F6-4BA8-A137-13B6E193C79F}.Release|Any CPU.ActiveCfg = Release|Any CPU
		{24E93D5A-43F6-4BA8-A137-13B6E193C79F}.Release|Any CPU.Build.0 = Release|Any CPU
	EndGlobalSection
	GlobalSection(NestedProjects) = preSolution
		{F9268335-9AA3-44A5-BEE4-C7EFF8660F32} = {5D907E08-5787-4368-8853-8B238A372F96}
		{FA805819-B51A-4AD4-8846-489E171BF242} = {5D907E08-5787-4368-8853-8B238A372F96}
		{24E93D5A-43F6-4BA8-A137-13B6E193C79F} = {5D907E08-5787-4368-8853-8B238A372F96}
	EndGlobalSection
EndGlobal
